
Microsoft Visual Studio Solution File, Format Version 12.00
# Visual Studio Version 17
VisualStudioVersion = 17.6.33527.607
MinimumVisualStudioVersion = 10.0.40219.1
Project("{FAE04EC0-301F-11D3-BF4B-00C04F79EFBC}") = "ImageBlobSample", "ImageBlobSample\ImageBlobSample.csproj", "{316F43AA-2AC8-4629-80CD-BAA91C10735E}"
EndProject
Global
	GlobalSection(SolutionConfigurationPlatforms) = preSolution
		Debug|Any CPU = Debug|Any CPU
		Release|Any CPU = Release|Any CPU
	EndGlobalSection
	GlobalSection(ProjectConfigurationPlatforms) = postSolution
		{316F43AA-2AC8-4629-80CD-BAA91C10735E}.Debug|Any CPU.ActiveCfg = Debug|Any CPU
		{316F43AA-2AC8-4629-80CD-BAA91C10735E}.Debug|Any CPU.Build.0 = Debug|Any CPU
		{316F43AA-2AC8-4629-80CD-BAA91C10735E}.Release|Any CPU.ActiveCfg = Release|Any CPU
		{316F43AA-2AC8-4629-80CD-BAA91C10735E}.Release|Any CPU.Build.0 = Release|Any CPU
	EndGlobalSection
	GlobalSection(SolutionProperties) = preSolution
		HideSolutionNode = FALSE
	EndGlobalSection
	GlobalSection(ExtensibilityGlobals) = postSolution
		SolutionGuid = {6AC96953-30B0-469C-B28B-3506DEE43E0C}
	EndGlobalSection
EndGlobal
